{
  "name": "templatemo_539_simple_house",
  "lockfileVersion": 3,
  "requires": true,
  "packages": {
    "": {
      "dependencies": {
        "bootstrap": "^3.4.1",
        "jquery-zoom": "^1.7.21"
      }
    },
    "node_modules/bootstrap": {
      "version": "3.4.1",
      "resolved": "https://registry.npmjs.org/bootstrap/-/bootstrap-3.4.1.tgz",
      "integrity": "sha512-yN5oZVmRCwe5aKwzRj6736nSmKDX7pLYwsXiCj/EYmo16hODaBiT4En5btW/jhBF/seV+XMx3aYwukYC3A49DA==",
      "engines": {
        "node": ">=6"
      }
    },
    "node_modules/jquery": {
      "version": "3.7.0",
      "resolved": "https://registry.npmjs.org/jquery/-/jquery-3.7.0.tgz",
      "integrity": "sha512-umpJ0/k8X0MvD1ds0P9SfowREz2LenHsQaxSohMZ5OMNEU2r0tf8pdeEFTHMFxWVxKNyU9rTtK3CWzUCTKJUeQ=="
    },
    "node_modules/jquery-zoom": {
      "version": "1.7.21",
      "resolved": "https://registry.npmjs.org/jquery-zoom/-/jquery-zoom-1.7.21.tgz",
      "integrity": "sha512-C3aDEt0c4TkPrOPqIs5VAOwBMgitf1I7jEakO15G3QfxdVEivBvUlkiCjfcGQM+FyXdvshpbiEJKDbEdPz2/pw==",
      "dependencies": {
        "jquery": ">=1.7"
      }
    }
  }
}
